
Microsoft Visual Studio Solution File, Format Version 12.00
# Visual Studio Version 16
VisualStudioVersion = 16.0.32929.386
MinimumVisualStudioVersion = 10.0.40219.1
Project("{FAE04EC0-301F-11D3-BF4B-00C04F79EFBC}") = "Pendulum", "Pendulum\Pendulum.csproj", "{1496F59C-88E0-48EB-84F8-C55BA55F5AC0}"
EndProject
Project("{9A19103F-16F7-4668-BE54-9A1E7A4F7556}") = "VectorLib", "..\VectorLib\VectorLib\VectorLib.csproj", "{C57BFEFB-7B34-4077-AF56-8753EF033C4D}"
EndProject
Global
	GlobalSection(SolutionConfigurationPlatforms) = preSolution
		Debug|Any CPU = Debug|Any CPU
		Release|Any CPU = Release|Any CPU
	EndGlobalSection
	GlobalSection(ProjectConfigurationPlatforms) = postSolution
		{1496F59C-88E0-48EB-84F8-C55BA55F5AC0}.Debug|Any CPU.ActiveCfg = Debug|Any CPU
		{1496F59C-88E0-48EB-84F8-C55BA55F5AC0}.Debug|Any CPU.Build.0 = Debug|Any CPU
		{1496F59C-88E0-48EB-84F8-C55BA55F5AC0}.Release|Any CPU.ActiveCfg = Release|Any CPU
		{1496F59C-88E0-48EB-84F8-C55BA55F5AC0}.Release|Any CPU.Build.0 = Release|Any CPU
		{C57BFEFB-7B34-4077-AF56-8753EF033C4D}.Debug|Any CPU.ActiveCfg = Debug|Any CPU
		{C57BFEFB-7B34-4077-AF56-8753EF033C4D}.Debug|Any CPU.Build.0 = Debug|Any CPU
		{C57BFEFB-7B34-4077-AF56-8753EF033C4D}.Release|Any CPU.ActiveCfg = Release|Any CPU
		{C57BFEFB-7B34-4077-AF56-8753EF033C4D}.Release|Any CPU.Build.0 = Release|Any CPU
	EndGlobalSection
	GlobalSection(SolutionProperties) = preSolution
		HideSolutionNode = FALSE
	EndGlobalSection
	GlobalSection(ExtensibilityGlobals) = postSolution
		SolutionGuid = {AAAA39E8-3EA2-400F-8FA4-F9E2419D487D}
	EndGlobalSection
EndGlobal
